// !$*UTF8*$!
{
	archiveVersion = 1;
	classes = {
	};
	objectVersion = 46;
	objects = {

/* Begin PBXBuildFile section */
		4B2285FC1C4AE4E800CE4146 /* AppDelegate.swift in Sources */ = {isa = PBXBuildFile; fileRef = 4B2285FB1C4AE4E800CE4146 /* AppDelegate.swift */; };
		4B2285FE1C4AE4E800CE4146 /* ViewController.swift in Sources */ = {isa = PBXBuildFile; fileRef = 4B2285FD1C4AE4E800CE4146 /* ViewController.swift */; };
		4B2286011C4AE4E800CE4146 /* Main.storyboard in Resources */ = {isa = PBXBuildFile; fileRef = 4B2285FF1C4AE4E800CE4146 /* Main.storyboard */; };
		4B2286041C4AE4E800CE4146 /* Spark1_0.xcdatamodeld in Sources */ = {isa = PBXBuildFile; fileRef = 4B2286021C4AE4E800CE4146 /* Spark1_0.xcdatamodeld */; };
		4B2286061C4AE4E800CE4146 /* Assets.xcassets in Resources */ = {isa = PBXBuildFile; fileRef = 4B2286051C4AE4E800CE4146 /* Assets.xcassets */; };
		4B2286091C4AE4E800CE4146 /* LaunchScreen.storyboard in Resources */ = {isa = PBXBuildFile; fileRef = 4B2286071C4AE4E800CE4146 /* LaunchScreen.storyboard */; };
		4B2286141C4AE4E800CE4146 /* Spark1_0Tests.swift in Sources */ = {isa = PBXBuildFile; fileRef = 4B2286131C4AE4E800CE4146 /* Spark1_0Tests.swift */; };
/* End PBXBuildFile section */

/* Begin PBXContainerItemProxy section */
		4B2286101C4AE4E800CE4146 /* PBXContainerItemProxy */ = {
			isa = PBXContainerItemProxy;
			containerPortal = 4B2285F01C4AE4E800CE4146 /* Project object */;
			proxyType = 1;
			remoteGlobalIDString = 4B2285F71C4AE4E800CE4146;
			remoteInfo = Spark1.0;
		};
/* End PBXContainerItemProxy section */

/* Begin PBXFileReference section */
		4B2285F81C4AE4E800CE4146 /* Spark1.0.app */ = {isa = PBXFileReference; explicitFileType = wrapper.application; includeInIndex = 0; path = Spark1.0.app; sourceTree = BUILT_PRODUCTS_DIR; };
		4B2285FB1C4AE4E800CE4146 /* AppDelegate.swift */ = {isa = PBXFileReference; lastKnownFileType = sourcecode.swift; path = AppDelegate.swift; sourceTree = "<group>"; };
		4B2285FD1C4AE4E800CE4146 /* ViewController.swift */ = {isa = PBXFileReference; lastKnownFileType = sourcecode.swift; path = ViewController.swift; sourceTree = "<group>"; };
		4B2286001C4AE4E800CE4146 /* Base */ = {isa = PBXFileReference; lastKnownFileType = file.storyboard; name = Base; path = Base.lproj/Main.storyboard; sourceTree = "<group>"; };
		4B2286031C4AE4E800CE4146 /* Spark1_0.xcdatamodel */ = {isa = PBXFileReference; lastKnownFileType = wrapper.xcdatamodel; path = Spark1_0.xcdatamodel; sourceTree = "<group>"; };
		4B2286051C4AE4E800CE4146 /* Assets.xcassets */ = {isa = PBXFileReference; lastKnownFileType = folder.assetcatalog; path = Assets.xcassets; sourceTree = "<group>"; };
		4B2286081C4AE4E800CE4146 /* Base */ = {isa = PBXFileReference; lastKnownFileType = file.storyboard; name = Base; path = Base.lproj/LaunchScreen.storyboard; sourceTree = "<group>"; };
		4B22860A1C4AE4E800CE4146 /* Info.plist */ = {isa = PBXFileReference; lastKnownFileType = text.plist.xml; path = Info.plist; sourceTree = "<group>"; };
		4B22860F1C4AE4E800CE4146 /* Spark1.0Tests.xctest */ = {isa = PBXFileReference; explicitFileType = wrapper.cfbundle; includeInIndex = 0; path = Spark1.0Tests.xctest; sourceTree = BUILT_PRODUCTS_DIR; };
		4B2286131C4AE4E800CE4146 /* Spark1_0Tests.swift */ = {isa = PBXFileReference; lastKnownFileType = sourcecode.swift; path = Spark1_0Tests.swift; sourceTree = "<group>"; };
		4B2286151C4AE4E800CE4146 /* Info.plist */ = {isa = PBXFileReference; lastKnownFileType = text.plist.xml; path = Info.plist; sourceTree = "<group>"; };
/* End PBXFileReference section */

/* Begin PBXFrameworksBuildPhase section */
		4B2285F51C4AE4E800CE4146 /* Frameworks */ = {
			isa = PBXFrameworksBuildPhase;
			buildActionMask = 2147483647;
			files = (
			);
			runOnlyForDeploymentPostprocessing = 0;
		};
		4B22860C1C4AE4E800CE4146 /* Frameworks */ = {
			isa = PBXFrameworksBuildPhase;
			buildActionMask = 2147483647;
			files = (
			);
			runOnlyForDeploymentPostprocessing = 0;
		};
/* End PBXFrameworksBuildPhase section */

/* Begin PBXGroup section */
		4B2285EF1C4AE4E800CE4146 = {
			isa = PBXGroup;
			children = (
				4B2285FA1C4AE4E800CE4146 /* Spark1.0 */,
				4B2286121C4AE4E800CE4146 /* Spark1.0Tests */,
				4B2285F91C4AE4E800CE4146 /* Products */,
			);
			sourceTree = "<group>";
		};
		4B2285F91C4AE4E800CE4146 /* Products */ = {
			isa = PBXGroup;
			children = (
				4B2285F81C4AE4E800CE4146 /* Spark1.0.app */,
				4B22860F1C4AE4E800CE4146 /* Spark1.0Tests.xctest */,
			);
			name = Products;
			sourceTree = "<group>";
		};
		4B2285FA1C4AE4E800CE4146 /* Spark1.0 */ = {
			isa = PBXGroup;
			children = (
				4B2285FB1C4AE4E800CE4146 /* AppDelegate.swift */,
				4B2285FD1C4AE4E800CE4146 /* ViewController.swift */,
				4B2285FF1C4AE4E800CE4146 /* Main.storyboard */,
				4B2286051C4AE4E800CE4146 /* Assets.xcassets */,
				4B2286071C4AE4E800CE4146 /* LaunchScreen.storyboard */,
				4B22860A1C4AE4E800CE4146 /* Info.plist */,
				4B2286021C4AE4E800CE4146 /* Spark1_0.xcdatamodeld */,
			);
			path = Spark1.0;
			sourceTree = "<group>";
		};
		4B2286121C4AE4E800CE4146 /* Spark1.0Tests */ = {
			isa = PBXGroup;
			children = (
				4B2286131C4AE4E800CE4146 /* Spark1_0Tests.swift */,
				4B2286151C4AE4E800CE4146 /* Info.plist */,
			);
			path = Spark1.0Tests;
			sourceTree = "<group>";
		};
/* End PBXGroup section */

/* Begin PBXNativeTarget section */
		4B2285F71C4AE4E800CE4146 /* Spark1.0 */ = {
			isa = PBXNativeTarget;
			buildConfigurationList = 4B2286181C4AE4E800CE4146 /* Build configuration list for PBXNativeTarget "Spark1.0" */;
			buildPhases = (
				4B2285F41C4AE4E800CE4146 /* Sources */,
				4B2285F51C4AE4E800CE4146 /* Frameworks */,
				4B2285F61C4AE4E800CE4146 /* Resources */,
			);
			buildRules = (
			);
			dependencies = (
			);
			name = Spark1.0;
			productName = Spark1.0;
			productReference = 4B2285F81C4AE4E800CE4146 /* Spark1.0.app */;
			productType = "com.apple.product-type.application";
		};
		4B22860E1C4AE4E800CE4146 /* Spark1.0Tests */ = {
			isa = PBXNativeTarget;
			buildConfigurationList = 4B22861B1C4AE4E800CE4146 /* Build configuration list for PBXNativeTarget "Spark1.0Tests" */;
			buildPhases = (
				4B22860B1C4AE4E800CE4146 /* Sources */,
				4B22860C1C4AE4E800CE4146 /* Frameworks */,
				4B22860D1C4AE4E800CE4146 /* Resources */,
			);
			buildRules = (
			);
			dependencies = (
				4B2286111C4AE4E800CE4146 /* PBXTargetDependency */,
			);
			name = Spark1.0Tests;
			productName = Spark1.0Tests;
			productReference = 4B22860F1C4AE4E800CE4146 /* Spark1.0Tests.xctest */;
			productType = "com.apple.product-type.bundle.unit-test";
		};
/* End PBXNativeTarget section */

/* Begin PBXProject section */
		4B2285F01C4AE4E800CE4146 /* Project object */ = {
			isa = PBXProject;
			attributes = {
				LastSwiftUpdateCheck = 0720;
				LastUpgradeCheck = 0720;
				ORGANIZATIONNAME = "Bronson Duran";
				TargetAttributes = {
					4B2285F71C4AE4E800CE4146 = {
						CreatedOnToolsVersion = 7.2;
					};
					4B22860E1C4AE4E800CE4146 = {
						CreatedOnToolsVersion = 7.2;
						TestTargetID = 4B2285F71C4AE4E800CE4146;
					};
				};
			};
			buildConfigurationList = 4B2285F31C4AE4E800CE4146 /* Build configuration list for PBXProject "Spark1.0" */;
			compatibilityVersion = "Xcode 3.2";
			developmentRegion = English;
			hasScannedForEncodings = 0;
			knownRegions = (
				en,
				Base,
			);
			mainGroup = 4B2285EF1C4AE4E800CE4146;
			productRefGroup = 4B2285F91C4AE4E800CE4146 /* Products */;
			projectDirPath = "";
			projectRoot = "";
			targets = (
				4B2285F71C4AE4E800CE4146 /* Spark1.0 */,
				4B22860E1C4AE4E800CE4146 /* Spark1.0Tests */,
			);
		};
/* End PBXProject section */

/* Begin PBXResourcesBuildPhase section */
		4B2285F61C4AE4E800CE4146 /* Resources */ = {
			isa = PBXResourcesBuildPhase;
			buildActionMask = 2147483647;
			files = (
				4B2286091C4AE4E800CE4146 /* LaunchScreen.storyboard in Resources */,
				4B2286061C4AE4E800CE4146 /* Assets.xcassets in Resources */,
				4B2286011C4AE4E800CE4146 /* Main.storyboard in Resources */,
			);
			runOnlyForDeploymentPostprocessing = 0;
		};
		4B22860D1C4AE4E800CE4146 /* Resources */ = {
			isa = PBXResourcesBuildPhase;
			buildActionMask = 2147483647;
			files = (
			);
			runOnlyForDeploymentPostprocessing = 0;
		};
/* End PBXResourcesBuildPhase section */

/* Begin PBXSourcesBuildPhase section */
		4B2285F41C4AE4E800CE4146 /* Sources */ = {
			isa = PBXSourcesBuildPhase;
			buildActionMask = 2147483647;
			files = (
				4B2285FE1C4AE4E800CE4146 /* ViewController.swift in Sources */,
				4B2286041C4AE4E800CE4146 /* Spark1_0.xcdatamodeld in Sources */,
				4B2285FC1C4AE4E800CE4146 /* AppDelegate.swift in Sources */,
			);
			runOnlyForDeploymentPostprocessing = 0;
		};
		4B22860B1C4AE4E800CE4146 /* Sources */ = {
			isa = PBXSourcesBuildPhase;
			buildActionMask = 2147483647;
			files = (
				4B2286141C4AE4E800CE4146 /* Spark1_0Tests.swift in Sources */,
			);
			runOnlyForDeploymentPostprocessing = 0;
		};
/* End PBXSourcesBuildPhase section */

/* Begin PBXTargetDependency section */
		4B2286111C4AE4E800CE4146 /* PBXTargetDependency */ = {
			isa = PBXTargetDependency;
			target = 4B2285F71C4AE4E800CE4146 /* Spark1.0 */;
			targetProxy = 4B2286101C4AE4E800CE4146 /* PBXContainerItemProxy */;
		};
/* End PBXTargetDependency section */

/* Begin PBXVariantGroup section */
		4B2285FF1C4AE4E800CE4146 /* Main.storyboard */ = {
			isa = PBXVariantGroup;
			children = (
				4B2286001C4AE4E800CE4146 /* Base */,
			);
			name = Main.storyboard;
			sourceTree = "<group>";
		};
		4B2286071C4AE4E800CE4146 /* LaunchScreen.storyboard */ = {
			isa = PBXVariantGroup;
			children = (
				4B2286081C4AE4E800CE4146 /* Base */,
			);
			name = LaunchScreen.storyboard;
			sourceTree = "<group>";
		};
/* End PBXVariantGroup section */

/* Begin XCBuildConfiguration section */
		4B2286161C4AE4E800CE4146 /* Debug */ = {
			isa = XCBuildConfiguration;
			buildSettings = {
				ALWAYS_SEARCH_USER_PATHS = NO;
				CLANG_CXX_LANGUAGE_STANDARD = "gnu++0x";
				CLANG_CXX_LIBRARY = "libc++";
				CLANG_ENABLE_MODULES = YES;
				CLANG_ENABLE_OBJC_ARC = YES;
				CLANG_WARN_BOOL_CONVERSION = YES;
				CLANG_WARN_CONSTANT_CONVERSION = YES;
				CLANG_WARN_DIRECT_OBJC_ISA_USAGE = YES_ERROR;
				CLANG_WARN_EMPTY_BODY = YES;
				CLANG_WARN_ENUM_CONVERSION = YES;
				CLANG_WARN_INT_CONVERSION = YES;
				CLANG_WARN_OBJC_ROOT_CLASS = YES_ERROR;
				CLANG_WARN_UNREACHABLE_CODE = YES;
				CLANG_WARN__DUPLICATE_METHOD_MATCH = YES;
				"CODE_SIGN_IDENTITY[sdk=iphoneos*]" = "iPhone Developer";
				COPY_PHASE_STRIP = NO;
				DEBUG_INFORMATION_FORMAT = dwarf;
				ENABLE_STRICT_OBJC_MSGSEND = YES;
				ENABLE_TESTABILITY = YES;
				GCC_C_LANGUAGE_STANDARD = gnu99;
				GCC_DYNAMIC_NO_PIC = NO;
				GCC_NO_COMMON_BLOCKS = YES;
				GCC_OPTIMIZATION_LEVEL = 0;
				GCC_PREPROCESSOR_DEFINITIONS = (
					"DEBUG=1",
					"$(inherited)",
				);
				GCC_WARN_64_TO_32_BIT_CONVERSION = YES;
				GCC_WARN_ABOUT_RETURN_TYPE = YES_ERROR;
				GCC_WARN_UNDECLARED_SELECTOR = YES;
				GCC_WARN_UNINITIALIZED_AUTOS = YES_AGGRESSIVE;
				GCC_WARN_UNUSED_FUNCTION = YES;
				GCC_WARN_UNUSED_VARIABLE = YES;
				IPHONEOS_DEPLOYMENT_TARGET = 9.2;
				MTL_ENABLE_DEBUG_INFO = YES;
				ONLY_ACTIVE_ARCH = YES;
				SDKROOT = iphoneos;
				SWIFT_OPTIMIZATION_LEVEL = "-Onone";
				TARGETED_DEVICE_FAMILY = "1,2";
			};
			name = Debug;
		};
		4B2286171C4AE4E800CE4146 /* Release */ = {
			isa = XCBuildConfiguration;
			buildSettings = {
				ALWAYS_SEARCH_USER_PATHS = NO;
				CLANG_CXX_LANGUAGE_STANDARD = "gnu++0x";
				CLANG_CXX_LIBRARY = "libc++";
				CLANG_ENABLE_MODULES = YES;
				CLANG_ENABLE_OBJC_ARC = YES;
				CLANG_WARN_BOOL_CONVERSION = YES;
				CLANG_WARN_CONSTANT_CONVERSION = YES;
				CLANG_WARN_DIRECT_OBJC_ISA_USAGE = YES_ERROR;
				CLANG_WARN_EMPTY_BODY = YES;
				CLANG_WARN_ENUM_CONVERSION = YES;
				CLANG_WARN_INT_CONVERSION = YES;
				CLANG_WARN_OBJC_ROOT_CLASS = YES_ERROR;
				CLANG_WARN_UNREACHABLE_CODE = YES;
				CLANG_WARN__DUPLICATE_METHOD_MATCH = YES;
				"CODE_SIGN_IDENTITY[sdk=iphoneos*]" = "iPhone Developer";
				COPY_PHASE_STRIP = NO;
				DEBUG_INFORMATION_FORMAT = "dwarf-with-dsym";
				ENABLE_NS_ASSERTIONS = NO;
				ENABLE_STRICT_OBJC_MSGSEND = YES;
				GCC_C_LANGUAGE_STANDARD = gnu99;
				GCC_NO_COMMON_BLOCKS = YES;
				GCC_WARN_64_TO_32_BIT_CONVERSION = YES;
				GCC_WARN_ABOUT_RETURN_TYPE = YES_ERROR;
				GCC_WARN_UNDECLARED_SELECTOR = YES;
				GCC_WARN_UNINITIALIZED_AUTOS = YES_AGGRESSIVE;
				GCC_WARN_UNUSED_FUNCTION = YES;
				GCC_WARN_UNUSED_VARIABLE = YES;
				IPHONEOS_DEPLOYMENT_TARGET = 9.2;
				MTL_ENABLE_DEBUG_INFO = NO;
				SDKROOT = iphoneos;
				TARGETED_DEVICE_FAMILY = "1,2";
				VALIDATE_PRODUCT = YES;
			};
			name = Release;
		};
		4B2286191C4AE4E800CE4146 /* Debug */ = {
			isa = XCBuildConfiguration;
			buildSettings = {
				ASSETCATALOG_COMPILER_APPICON_NAME = AppIcon;
				INFOPLIST_FILE = Spark1.0/Info.plist;
				LD_RUNPATH_SEARCH_PATHS = "$(inherited) @executable_path/Frameworks";
				PRODUCT_BUNDLE_IDENTIFIER = "com.example.Spark1-0";
				PRODUCT_NAME = "$(TARGET_NAME)";
			};
			name = Debug;
		};
		4B22861A1C4AE4E800CE4146 /* Release */ = {
			isa = XCBuildConfiguration;
			buildSettings = {
				ASSETCATALOG_COMPILER_APPICON_NAME = AppIcon;
				INFOPLIST_FILE = Spark1.0/Info.plist;
				LD_RUNPATH_SEARCH_PATHS = "$(inherited) @executable_path/Frameworks";
				PRODUCT_BUNDLE_IDENTIFIER = "com.example.Spark1-0";
				PRODUCT_NAME = "$(TARGET_NAME)";
			};
			name = Release;
		};
		4B22861C1C4AE4E800CE4146 /* Debug */ = {
			isa = XCBuildConfiguration;
			buildSettings = {
				BUNDLE_LOADER = "$(TEST_HOST)";
				INFOPLIST_FILE = Spark1.0Tests/Info.plist;
				LD_RUNPATH_SEARCH_PATHS = "$(inherited) @executable_path/Frameworks @loader_path/Frameworks";
				PRODUCT_BUNDLE_IDENTIFIER = "com.example.Spark1-0Tests";
				PRODUCT_NAME = "$(TARGET_NAME)";
				TEST_HOST = "$(BUILT_PRODUCTS_DIR)/Spark1.0.app/Spark1.0";
			};
			name = Debug;
		};
		4B22861D1C4AE4E800CE4146 /* Release */ = {
			isa = XCBuildConfiguration;
			buildSettings = {
				BUNDLE_LOADER = "$(TEST_HOST)";
				INFOPLIST_FILE = Spark1.0Tests/Info.plist;
				LD_RUNPATH_SEARCH_PATHS = "$(inherited) @executable_path/Frameworks @loader_path/Frameworks";
				PRODUCT_BUNDLE_IDENTIFIER = "com.example.Spark1-0Tests";
				PRODUCT_NAME = "$(TARGET_NAME)";
				TEST_HOST = "$(BUILT_PRODUCTS_DIR)/Spark1.0.app/Spark1.0";
			};
			name = Release;
		};
/* End XCBuildConfiguration section */

/* Begin XCConfigurationList section */
		4B2285F31C4AE4E800CE4146 /* Build configuration list for PBXProject "Spark1.0" */ = {
			isa = XCConfigurationList;
			buildConfigurations = (
				4B2286161C4AE4E800CE4146 /* Debug */,
				4B2286171C4AE4E800CE4146 /* Release */,
			);
			defaultConfigurationIsVisible = 0;
			defaultConfigurationName = Release;
		};
		4B2286181C4AE4E800CE4146 /* Build configuration list for PBXNativeTarget "Spark1.0" */ = {
			isa = XCConfigurationList;
			buildConfigurations = (
				4B2286191C4AE4E800CE4146 /* Debug */,
				4B22861A1C4AE4E800CE4146 /* Release */,
			);
			defaultConfigurationIsVisible = 0;
		};
		4B22861B1C4AE4E800CE4146 /* Build configuration list for PBXNativeTarget "Spark1.0Tests" */ = {
			isa = XCConfigurationList;
			buildConfigurations = (
				4B22861C1C4AE4E800CE4146 /* Debug */,
				4B22861D1C4AE4E800CE4146 /* Release */,
			);
			defaultConfigurationIsVisible = 0;
		};
/* End XCConfigurationList section */

/* Begin XCVersionGroup section */
		4B2286021C4AE4E800CE4146 /* Spark1_0.xcdatamodeld */ = {
			isa = XCVersionGroup;
			children = (
				4B2286031C4AE4E800CE4146 /* Spark1_0.xcdatamodel */,
			);
			currentVersion = 4B2286031C4AE4E800CE4146 /* Spark1_0.xcdatamodel */;
			path = Spark1_0.xcdatamodeld;
			sourceTree = "<group>";
			versionGroupType = wrapper.xcdatamodel;
		};
/* End XCVersionGroup section */
	};
	rootObject = 4B2285F01C4AE4E800CE4146 /* Project object */;
}
