// !$*UTF8*$!
{
	archiveVersion = 1;
	classes = {
	};
	objectVersion = 46;
	objects = {

/* Begin PBXBuildFile section */
		0A2F59B81C4F3BA10053300C /* Bolts.framework in Frameworks */ = {isa = PBXBuildFile; fileRef = 0A2F59B71C4F3BA10053300C /* Bolts.framework */; };
		0A2F59BA1C4F3BAA0053300C /* Parse.framework in Frameworks */ = {isa = PBXBuildFile; fileRef = 0A2F59B91C4F3BAA0053300C /* Parse.framework */; };
		0A2F59BC1C4F3C340053300C /* AudioToolbox.framework in Frameworks */ = {isa = PBXBuildFile; fileRef = 0A2F59BB1C4F3C340053300C /* AudioToolbox.framework */; };
		0A2F59BE1C4F3C3A0053300C /* CFNetwork.framework in Frameworks */ = {isa = PBXBuildFile; fileRef = 0A2F59BD1C4F3C3A0053300C /* CFNetwork.framework */; };
		0A2F59C01C4F3C440053300C /* CoreGraphics.framework in Frameworks */ = {isa = PBXBuildFile; fileRef = 0A2F59BF1C4F3C440053300C /* CoreGraphics.framework */; };
		0A2F59C21C4F3C4E0053300C /* CoreLocation.framework in Frameworks */ = {isa = PBXBuildFile; fileRef = 0A2F59C11C4F3C4E0053300C /* CoreLocation.framework */; };
		0A2F59C41C4F3C590053300C /* QuartzCore.framework in Frameworks */ = {isa = PBXBuildFile; fileRef = 0A2F59C31C4F3C590053300C /* QuartzCore.framework */; };
		0A2F59C61C4F3C610053300C /* Security.framework in Frameworks */ = {isa = PBXBuildFile; fileRef = 0A2F59C51C4F3C610053300C /* Security.framework */; };
		0A2F59CA1C4F3C720053300C /* SystemConfiguration.framework in Frameworks */ = {isa = PBXBuildFile; fileRef = 0A2F59C91C4F3C720053300C /* SystemConfiguration.framework */; };
		0A2F59CC1C4F3C7F0053300C /* libz.tbd in Frameworks */ = {isa = PBXBuildFile; fileRef = 0A2F59CB1C4F3C7F0053300C /* libz.tbd */; };
		0A2F59CE1C4F3C8C0053300C /* libsqlite3.tbd in Frameworks */ = {isa = PBXBuildFile; fileRef = 0A2F59CD1C4F3C8C0053300C /* libsqlite3.tbd */; };
		0A32E3171C7ED8F700E333C5 /* SPForgotPasswordViewController.swift in Sources */ = {isa = PBXBuildFile; fileRef = 0A32E3161C7ED8F700E333C5 /* SPForgotPasswordViewController.swift */; };
		0A40F5741C5D5EC6000485B5 /* User.swift in Sources */ = {isa = PBXBuildFile; fileRef = 0A40F5731C5D5EC6000485B5 /* User.swift */; };
		0A40F5781C5D7964000485B5 /* Class.swift in Sources */ = {isa = PBXBuildFile; fileRef = 0A40F5771C5D7964000485B5 /* Class.swift */; };
		0A40F57B1C5D7984000485B5 /* Student.swift in Sources */ = {isa = PBXBuildFile; fileRef = 0A40F57A1C5D7984000485B5 /* Student.swift */; };
		0A40F57D1C5D799E000485B5 /* Moment.swift in Sources */ = {isa = PBXBuildFile; fileRef = 0A40F57C1C5D799E000485B5 /* Moment.swift */; };
		4B2285FC1C4AE4E800CE4146 /* AppDelegate.swift in Sources */ = {isa = PBXBuildFile; fileRef = 4B2285FB1C4AE4E800CE4146 /* AppDelegate.swift */; };
		4B2285FE1C4AE4E800CE4146 /* SPLoginViewController.swift in Sources */ = {isa = PBXBuildFile; fileRef = 4B2285FD1C4AE4E800CE4146 /* SPLoginViewController.swift */; };
		4B2286011C4AE4E800CE4146 /* Main.storyboard in Resources */ = {isa = PBXBuildFile; fileRef = 4B2285FF1C4AE4E800CE4146 /* Main.storyboard */; };
		4B2286041C4AE4E800CE4146 /* Spark1_0.xcdatamodeld in Sources */ = {isa = PBXBuildFile; fileRef = 4B2286021C4AE4E800CE4146 /* Spark1_0.xcdatamodeld */; };
		4B2286061C4AE4E800CE4146 /* Assets.xcassets in Resources */ = {isa = PBXBuildFile; fileRef = 4B2286051C4AE4E800CE4146 /* Assets.xcassets */; };
		4B2286091C4AE4E800CE4146 /* LaunchScreen.storyboard in Resources */ = {isa = PBXBuildFile; fileRef = 4B2286071C4AE4E800CE4146 /* LaunchScreen.storyboard */; };
		4B2286141C4AE4E800CE4146 /* Spark1_0Tests.swift in Sources */ = {isa = PBXBuildFile; fileRef = 4B2286131C4AE4E800CE4146 /* Spark1_0Tests.swift */; };
		4B2A21BD1C62D47E00F11D71 /* CategoriesTableViewCell.xib in Resources */ = {isa = PBXBuildFile; fileRef = 4B2A21BC1C62D47E00F11D71 /* CategoriesTableViewCell.xib */; };
		4B2A21C01C62D4DE00F11D71 /* CategoriesTableViewCell.swift in Sources */ = {isa = PBXBuildFile; fileRef = 4B2A21BF1C62D4DE00F11D71 /* CategoriesTableViewCell.swift */; };
		4B2C5F101C7A5DB400B097AE /* AKPickerView.swift in Sources */ = {isa = PBXBuildFile; fileRef = 4B2C5F0F1C7A5DB400B097AE /* AKPickerView.swift */; };
		4B693A391C588693005478D9 /* StudentCollectionViewCell.xib in Resources */ = {isa = PBXBuildFile; fileRef = 4B693A381C588693005478D9 /* StudentCollectionViewCell.xib */; };
		4B693A3B1C58872B005478D9 /* StudentCollectionViewCell.swift in Sources */ = {isa = PBXBuildFile; fileRef = 4B693A3A1C58872B005478D9 /* StudentCollectionViewCell.swift */; };
		4B693A3D1C588FC7005478D9 /* CategoryCollectionViewCell.xib in Resources */ = {isa = PBXBuildFile; fileRef = 4B693A3C1C588FC6005478D9 /* CategoryCollectionViewCell.xib */; };
		4B8B72711C5895DF00E6E73B /* CategoryCollectionViewCell.swift in Sources */ = {isa = PBXBuildFile; fileRef = 4B8B72701C5895DF00E6E73B /* CategoryCollectionViewCell.swift */; };
		8664E7AC1C6984BA003FF49A /* SPMomentViewController.swift in Sources */ = {isa = PBXBuildFile; fileRef = 8664E7AB1C6984BA003FF49A /* SPMomentViewController.swift */; };
		8664E7AE1C69876E003FF49A /* MomentDetailTableViewCell.xib in Resources */ = {isa = PBXBuildFile; fileRef = 8664E7AD1C69876E003FF49A /* MomentDetailTableViewCell.xib */; };
		8664E7B01C698964003FF49A /* MomentDetailTableViewCell.swift in Sources */ = {isa = PBXBuildFile; fileRef = 8664E7AF1C698964003FF49A /* MomentDetailTableViewCell.swift */; };
		C50BFB171C5EE6FB00AB490C /* ButtonTableViewCell.xib in Resources */ = {isa = PBXBuildFile; fileRef = C50BFB161C5EE6FB00AB490C /* ButtonTableViewCell.xib */; };
		C50BFB1A1C5EE7A600AB490C /* ButtonTableViewCell.swift in Sources */ = {isa = PBXBuildFile; fileRef = C50BFB191C5EE7A600AB490C /* ButtonTableViewCell.swift */; };
		C50BFB1C1C5F1D4B00AB490C /* SPManageStudentsViewController.swift in Sources */ = {isa = PBXBuildFile; fileRef = C50BFB1B1C5F1D4B00AB490C /* SPManageStudentsViewController.swift */; };
		C543990F1C5879C60049D903 /* SPStudentProfileViewController.swift in Sources */ = {isa = PBXBuildFile; fileRef = C543990E1C5879C60049D903 /* SPStudentProfileViewController.swift */; };
		C54399131C58840A0049D903 /* TextInputTableViewCell.xib in Resources */ = {isa = PBXBuildFile; fileRef = C54399121C58840A0049D903 /* TextInputTableViewCell.xib */; };
		C54399151C5888A10049D903 /* TextInputTableViewCell.swift in Sources */ = {isa = PBXBuildFile; fileRef = C54399141C5888A10049D903 /* TextInputTableViewCell.swift */; };
		C54399181C5A135B0049D903 /* SPSettingsViewController.swift in Sources */ = {isa = PBXBuildFile; fileRef = C54399171C5A135B0049D903 /* SPSettingsViewController.swift */; };
		C543991A1C5AF5900049D903 /* AVFoundation.framework in Frameworks */ = {isa = PBXBuildFile; fileRef = C54399191C5AF5900049D903 /* AVFoundation.framework */; };
		C562F8981C76DB2C000964C8 /* Extensions.swift in Sources */ = {isa = PBXBuildFile; fileRef = C562F8971C76DB2C000964C8 /* Extensions.swift */; };
		C57DB7651C4F49C600022D3A /* SPCreateAccountViewController.swift in Sources */ = {isa = PBXBuildFile; fileRef = C57DB7641C4F49C600022D3A /* SPCreateAccountViewController.swift */; };
		C57DB7671C4F4A2800022D3A /* SPCaptureViewController.swift in Sources */ = {isa = PBXBuildFile; fileRef = C57DB7661C4F4A2800022D3A /* SPCaptureViewController.swift */; };
		C5C1D7791C50B44400C20DF9 /* LLSimpleCamera.m in Sources */ = {isa = PBXBuildFile; fileRef = C5C1D7761C50B44400C20DF9 /* LLSimpleCamera.m */; };
		C5C1D77A1C50B44400C20DF9 /* UIImage+FixOrientation.m in Sources */ = {isa = PBXBuildFile; fileRef = C5C1D7781C50B44400C20DF9 /* UIImage+FixOrientation.m */; };
		C5C1D77D1C52E06000C20DF9 /* SPMediaViewController.swift in Sources */ = {isa = PBXBuildFile; fileRef = C5C1D77C1C52E06000C20DF9 /* SPMediaViewController.swift */; };
		C5C1D77F1C52E50900C20DF9 /* SPTagStudentViewController.swift in Sources */ = {isa = PBXBuildFile; fileRef = C5C1D77E1C52E50900C20DF9 /* SPTagStudentViewController.swift */; };
		C5C1D7811C52EA9700C20DF9 /* SPTagCategoryViewController.swift in Sources */ = {isa = PBXBuildFile; fileRef = C5C1D7801C52EA9700C20DF9 /* SPTagCategoryViewController.swift */; };
		D4BD3B991C5395DA003BBFC8 /* SPArchiveViewController.swift in Sources */ = {isa = PBXBuildFile; fileRef = D4BD3B981C5395DA003BBFC8 /* SPArchiveViewController.swift */; };
		D4BD3BA21C589E13003BBFC8 /* MomentTableViewCell.swift in Sources */ = {isa = PBXBuildFile; fileRef = D4BD3BA01C589E13003BBFC8 /* MomentTableViewCell.swift */; };
		D4BD3BA31C589E13003BBFC8 /* SPStudentViewController.swift in Sources */ = {isa = PBXBuildFile; fileRef = D4BD3BA11C589E13003BBFC8 /* SPStudentViewController.swift */; };
		D4BD3BA51C589F7F003BBFC8 /* MomentTableViewCell.xib in Resources */ = {isa = PBXBuildFile; fileRef = D4BD3BA41C589F7F003BBFC8 /* MomentTableViewCell.xib */; };
/* End PBXBuildFile section */

/* Begin PBXContainerItemProxy section */
		4B2286101C4AE4E800CE4146 /* PBXContainerItemProxy */ = {
			isa = PBXContainerItemProxy;
			containerPortal = 4B2285F01C4AE4E800CE4146 /* Project object */;
			proxyType = 1;
			remoteGlobalIDString = 4B2285F71C4AE4E800CE4146;
			remoteInfo = Spark1.0;
		};
/* End PBXContainerItemProxy section */

/* Begin PBXCopyFilesBuildPhase section */
		C54399231C5D68EC0049D903 /* Embed Frameworks */ = {
			isa = PBXCopyFilesBuildPhase;
			buildActionMask = 2147483647;
			dstPath = "";
			dstSubfolderSpec = 10;
			files = (
			);
			name = "Embed Frameworks";
			runOnlyForDeploymentPostprocessing = 0;
		};
/* End PBXCopyFilesBuildPhase section */

/* Begin PBXFileReference section */
		0A2F59B71C4F3BA10053300C /* Bolts.framework */ = {isa = PBXFileReference; lastKnownFileType = wrapper.framework; path = Bolts.framework; sourceTree = "<group>"; };
		0A2F59B91C4F3BAA0053300C /* Parse.framework */ = {isa = PBXFileReference; lastKnownFileType = wrapper.framework; path = Parse.framework; sourceTree = "<group>"; };
		0A2F59BB1C4F3C340053300C /* AudioToolbox.framework */ = {isa = PBXFileReference; lastKnownFileType = wrapper.framework; name = AudioToolbox.framework; path = System/Library/Frameworks/AudioToolbox.framework; sourceTree = SDKROOT; };
		0A2F59BD1C4F3C3A0053300C /* CFNetwork.framework */ = {isa = PBXFileReference; lastKnownFileType = wrapper.framework; name = CFNetwork.framework; path = System/Library/Frameworks/CFNetwork.framework; sourceTree = SDKROOT; };
		0A2F59BF1C4F3C440053300C /* CoreGraphics.framework */ = {isa = PBXFileReference; lastKnownFileType = wrapper.framework; name = CoreGraphics.framework; path = System/Library/Frameworks/CoreGraphics.framework; sourceTree = SDKROOT; };
		0A2F59C11C4F3C4E0053300C /* CoreLocation.framework */ = {isa = PBXFileReference; lastKnownFileType = wrapper.framework; name = CoreLocation.framework; path = System/Library/Frameworks/CoreLocation.framework; sourceTree = SDKROOT; };
		0A2F59C31C4F3C590053300C /* QuartzCore.framework */ = {isa = PBXFileReference; lastKnownFileType = wrapper.framework; name = QuartzCore.framework; path = System/Library/Frameworks/QuartzCore.framework; sourceTree = SDKROOT; };
		0A2F59C51C4F3C610053300C /* Security.framework */ = {isa = PBXFileReference; lastKnownFileType = wrapper.framework; name = Security.framework; path = System/Library/Frameworks/Security.framework; sourceTree = SDKROOT; };
		0A2F59C91C4F3C720053300C /* SystemConfiguration.framework */ = {isa = PBXFileReference; lastKnownFileType = wrapper.framework; name = SystemConfiguration.framework; path = System/Library/Frameworks/SystemConfiguration.framework; sourceTree = SDKROOT; };
		0A2F59CB1C4F3C7F0053300C /* libz.tbd */ = {isa = PBXFileReference; lastKnownFileType = "sourcecode.text-based-dylib-definition"; name = libz.tbd; path = usr/lib/libz.tbd; sourceTree = SDKROOT; };
		0A2F59CD1C4F3C8C0053300C /* libsqlite3.tbd */ = {isa = PBXFileReference; lastKnownFileType = "sourcecode.text-based-dylib-definition"; name = libsqlite3.tbd; path = usr/lib/libsqlite3.tbd; sourceTree = SDKROOT; };
		0A32E3161C7ED8F700E333C5 /* SPForgotPasswordViewController.swift */ = {isa = PBXFileReference; fileEncoding = 4; lastKnownFileType = sourcecode.swift; path = SPForgotPasswordViewController.swift; sourceTree = "<group>"; };
		0A40F5731C5D5EC6000485B5 /* User.swift */ = {isa = PBXFileReference; fileEncoding = 4; lastKnownFileType = sourcecode.swift; path = User.swift; sourceTree = "<group>"; };
		0A40F5771C5D7964000485B5 /* Class.swift */ = {isa = PBXFileReference; fileEncoding = 4; lastKnownFileType = sourcecode.swift; path = Class.swift; sourceTree = "<group>"; };
		0A40F57A1C5D7984000485B5 /* Student.swift */ = {isa = PBXFileReference; fileEncoding = 4; lastKnownFileType = sourcecode.swift; path = Student.swift; sourceTree = "<group>"; };
		0A40F57C1C5D799E000485B5 /* Moment.swift */ = {isa = PBXFileReference; fileEncoding = 4; lastKnownFileType = sourcecode.swift; path = Moment.swift; sourceTree = "<group>"; };
		4B2285F81C4AE4E800CE4146 /* Spark1.0.app */ = {isa = PBXFileReference; explicitFileType = wrapper.application; includeInIndex = 0; path = Spark1.0.app; sourceTree = BUILT_PRODUCTS_DIR; };
		4B2285FB1C4AE4E800CE4146 /* AppDelegate.swift */ = {isa = PBXFileReference; lastKnownFileType = sourcecode.swift; path = AppDelegate.swift; sourceTree = "<group>"; };
		4B2285FD1C4AE4E800CE4146 /* SPLoginViewController.swift */ = {isa = PBXFileReference; lastKnownFileType = sourcecode.swift; path = SPLoginViewController.swift; sourceTree = "<group>"; };
		4B2286001C4AE4E800CE4146 /* Base */ = {isa = PBXFileReference; lastKnownFileType = file.storyboard; name = Base; path = Base.lproj/Main.storyboard; sourceTree = "<group>"; };
		4B2286031C4AE4E800CE4146 /* Spark1_0.xcdatamodel */ = {isa = PBXFileReference; lastKnownFileType = wrapper.xcdatamodel; path = Spark1_0.xcdatamodel; sourceTree = "<group>"; };
		4B2286051C4AE4E800CE4146 /* Assets.xcassets */ = {isa = PBXFileReference; lastKnownFileType = folder.assetcatalog; path = Assets.xcassets; sourceTree = "<group>"; };
		4B2286081C4AE4E800CE4146 /* Base */ = {isa = PBXFileReference; lastKnownFileType = file.storyboard; name = Base; path = Base.lproj/LaunchScreen.storyboard; sourceTree = "<group>"; };
		4B22860A1C4AE4E800CE4146 /* Info.plist */ = {isa = PBXFileReference; lastKnownFileType = text.plist.xml; path = Info.plist; sourceTree = "<group>"; };
		4B22860F1C4AE4E800CE4146 /* Spark1.0Tests.xctest */ = {isa = PBXFileReference; explicitFileType = wrapper.cfbundle; includeInIndex = 0; path = Spark1.0Tests.xctest; sourceTree = BUILT_PRODUCTS_DIR; };
		4B2286131C4AE4E800CE4146 /* Spark1_0Tests.swift */ = {isa = PBXFileReference; lastKnownFileType = sourcecode.swift; path = Spark1_0Tests.swift; sourceTree = "<group>"; };
		4B2286151C4AE4E800CE4146 /* Info.plist */ = {isa = PBXFileReference; lastKnownFileType = text.plist.xml; path = Info.plist; sourceTree = "<group>"; };
		4B2A21BC1C62D47E00F11D71 /* CategoriesTableViewCell.xib */ = {isa = PBXFileReference; fileEncoding = 4; lastKnownFileType = file.xib; path = CategoriesTableViewCell.xib; sourceTree = "<group>"; };
		4B2A21BF1C62D4DE00F11D71 /* CategoriesTableViewCell.swift */ = {isa = PBXFileReference; fileEncoding = 4; lastKnownFileType = sourcecode.swift; path = CategoriesTableViewCell.swift; sourceTree = "<group>"; };
		4B2C5F0F1C7A5DB400B097AE /* AKPickerView.swift */ = {isa = PBXFileReference; fileEncoding = 4; lastKnownFileType = sourcecode.swift; path = AKPickerView.swift; sourceTree = "<group>"; };
		4B693A381C588693005478D9 /* StudentCollectionViewCell.xib */ = {isa = PBXFileReference; fileEncoding = 4; lastKnownFileType = file.xib; name = StudentCollectionViewCell.xib; path = ../StudentCollectionViewCell.xib; sourceTree = "<group>"; };
		4B693A3A1C58872B005478D9 /* StudentCollectionViewCell.swift */ = {isa = PBXFileReference; fileEncoding = 4; lastKnownFileType = sourcecode.swift; name = StudentCollectionViewCell.swift; path = ../StudentCollectionViewCell.swift; sourceTree = "<group>"; };
		4B693A3C1C588FC6005478D9 /* CategoryCollectionViewCell.xib */ = {isa = PBXFileReference; fileEncoding = 4; lastKnownFileType = file.xib; name = CategoryCollectionViewCell.xib; path = ../CategoryCollectionViewCell.xib; sourceTree = "<group>"; };
		4B8B72701C5895DF00E6E73B /* CategoryCollectionViewCell.swift */ = {isa = PBXFileReference; fileEncoding = 4; lastKnownFileType = sourcecode.swift; name = CategoryCollectionViewCell.swift; path = ../CategoryCollectionViewCell.swift; sourceTree = "<group>"; };
		8664E7AB1C6984BA003FF49A /* SPMomentViewController.swift */ = {isa = PBXFileReference; fileEncoding = 4; lastKnownFileType = sourcecode.swift; path = SPMomentViewController.swift; sourceTree = "<group>"; };
		8664E7AD1C69876E003FF49A /* MomentDetailTableViewCell.xib */ = {isa = PBXFileReference; fileEncoding = 4; lastKnownFileType = file.xib; path = MomentDetailTableViewCell.xib; sourceTree = "<group>"; };
		8664E7AF1C698964003FF49A /* MomentDetailTableViewCell.swift */ = {isa = PBXFileReference; fileEncoding = 4; lastKnownFileType = sourcecode.swift; path = MomentDetailTableViewCell.swift; sourceTree = "<group>"; };
		C50BFB161C5EE6FB00AB490C /* ButtonTableViewCell.xib */ = {isa = PBXFileReference; fileEncoding = 4; lastKnownFileType = file.xib; path = ButtonTableViewCell.xib; sourceTree = "<group>"; };
		C50BFB191C5EE7A600AB490C /* ButtonTableViewCell.swift */ = {isa = PBXFileReference; fileEncoding = 4; lastKnownFileType = sourcecode.swift; path = ButtonTableViewCell.swift; sourceTree = "<group>"; };
		C50BFB1B1C5F1D4B00AB490C /* SPManageStudentsViewController.swift */ = {isa = PBXFileReference; fileEncoding = 4; lastKnownFileType = sourcecode.swift; path = SPManageStudentsViewController.swift; sourceTree = "<group>"; };
		C543990E1C5879C60049D903 /* SPStudentProfileViewController.swift */ = {isa = PBXFileReference; fileEncoding = 4; lastKnownFileType = sourcecode.swift; path = SPStudentProfileViewController.swift; sourceTree = "<group>"; };
		C54399121C58840A0049D903 /* TextInputTableViewCell.xib */ = {isa = PBXFileReference; fileEncoding = 4; lastKnownFileType = file.xib; path = TextInputTableViewCell.xib; sourceTree = "<group>"; };
		C54399141C5888A10049D903 /* TextInputTableViewCell.swift */ = {isa = PBXFileReference; fileEncoding = 4; lastKnownFileType = sourcecode.swift; path = TextInputTableViewCell.swift; sourceTree = "<group>"; };
		C54399171C5A135B0049D903 /* SPSettingsViewController.swift */ = {isa = PBXFileReference; fileEncoding = 4; lastKnownFileType = sourcecode.swift; path = SPSettingsViewController.swift; sourceTree = "<group>"; };
		C54399191C5AF5900049D903 /* AVFoundation.framework */ = {isa = PBXFileReference; lastKnownFileType = wrapper.framework; name = AVFoundation.framework; path = System/Library/Frameworks/AVFoundation.framework; sourceTree = SDKROOT; };
		C562F8971C76DB2C000964C8 /* Extensions.swift */ = {isa = PBXFileReference; fileEncoding = 4; lastKnownFileType = sourcecode.swift; path = Extensions.swift; sourceTree = "<group>"; };
		C57DB7641C4F49C600022D3A /* SPCreateAccountViewController.swift */ = {isa = PBXFileReference; fileEncoding = 4; lastKnownFileType = sourcecode.swift; path = SPCreateAccountViewController.swift; sourceTree = "<group>"; };
		C57DB7661C4F4A2800022D3A /* SPCaptureViewController.swift */ = {isa = PBXFileReference; fileEncoding = 4; lastKnownFileType = sourcecode.swift; path = SPCaptureViewController.swift; sourceTree = "<group>"; };
		C5C1D7741C50B44300C20DF9 /* Spark1.0-Bridging-Header.h */ = {isa = PBXFileReference; lastKnownFileType = sourcecode.c.h; path = "Spark1.0-Bridging-Header.h"; sourceTree = SOURCE_ROOT; };
		C5C1D7751C50B44400C20DF9 /* LLSimpleCamera.h */ = {isa = PBXFileReference; fileEncoding = 4; lastKnownFileType = sourcecode.c.h; name = LLSimpleCamera.h; path = LLSimpleCamera/LLSimpleCamera.h; sourceTree = "<group>"; };
		C5C1D7761C50B44400C20DF9 /* LLSimpleCamera.m */ = {isa = PBXFileReference; fileEncoding = 4; lastKnownFileType = sourcecode.c.objc; name = LLSimpleCamera.m; path = LLSimpleCamera/LLSimpleCamera.m; sourceTree = "<group>"; };
		C5C1D7771C50B44400C20DF9 /* UIImage+FixOrientation.h */ = {isa = PBXFileReference; fileEncoding = 4; lastKnownFileType = sourcecode.c.h; name = "UIImage+FixOrientation.h"; path = "LLSimpleCamera/UIImage+FixOrientation.h"; sourceTree = "<group>"; };
		C5C1D7781C50B44400C20DF9 /* UIImage+FixOrientation.m */ = {isa = PBXFileReference; fileEncoding = 4; lastKnownFileType = sourcecode.c.objc; name = "UIImage+FixOrientation.m"; path = "LLSimpleCamera/UIImage+FixOrientation.m"; sourceTree = "<group>"; };
		C5C1D77C1C52E06000C20DF9 /* SPMediaViewController.swift */ = {isa = PBXFileReference; fileEncoding = 4; lastKnownFileType = sourcecode.swift; path = SPMediaViewController.swift; sourceTree = "<group>"; };
		C5C1D77E1C52E50900C20DF9 /* SPTagStudentViewController.swift */ = {isa = PBXFileReference; fileEncoding = 4; lastKnownFileType = sourcecode.swift; path = SPTagStudentViewController.swift; sourceTree = "<group>"; };
		C5C1D7801C52EA9700C20DF9 /* SPTagCategoryViewController.swift */ = {isa = PBXFileReference; fileEncoding = 4; lastKnownFileType = sourcecode.swift; path = SPTagCategoryViewController.swift; sourceTree = "<group>"; };
		D4BD3B981C5395DA003BBFC8 /* SPArchiveViewController.swift */ = {isa = PBXFileReference; fileEncoding = 4; lastKnownFileType = sourcecode.swift; path = SPArchiveViewController.swift; sourceTree = "<group>"; };
		D4BD3BA01C589E13003BBFC8 /* MomentTableViewCell.swift */ = {isa = PBXFileReference; fileEncoding = 4; lastKnownFileType = sourcecode.swift; path = MomentTableViewCell.swift; sourceTree = "<group>"; };
		D4BD3BA11C589E13003BBFC8 /* SPStudentViewController.swift */ = {isa = PBXFileReference; fileEncoding = 4; lastKnownFileType = sourcecode.swift; path = SPStudentViewController.swift; sourceTree = "<group>"; };
		D4BD3BA41C589F7F003BBFC8 /* MomentTableViewCell.xib */ = {isa = PBXFileReference; fileEncoding = 4; lastKnownFileType = file.xib; path = MomentTableViewCell.xib; sourceTree = "<group>"; };
/* End PBXFileReference section */

/* Begin PBXFrameworksBuildPhase section */
		4B2285F51C4AE4E800CE4146 /* Frameworks */ = {
			isa = PBXFrameworksBuildPhase;
			buildActionMask = 2147483647;
			files = (
				C543991A1C5AF5900049D903 /* AVFoundation.framework in Frameworks */,
				0A2F59CE1C4F3C8C0053300C /* libsqlite3.tbd in Frameworks */,
				0A2F59CC1C4F3C7F0053300C /* libz.tbd in Frameworks */,
				0A2F59CA1C4F3C720053300C /* SystemConfiguration.framework in Frameworks */,
				0A2F59C61C4F3C610053300C /* Security.framework in Frameworks */,
				0A2F59C41C4F3C590053300C /* QuartzCore.framework in Frameworks */,
				0A2F59C21C4F3C4E0053300C /* CoreLocation.framework in Frameworks */,
				0A2F59C01C4F3C440053300C /* CoreGraphics.framework in Frameworks */,
				0A2F59BE1C4F3C3A0053300C /* CFNetwork.framework in Frameworks */,
				0A2F59BC1C4F3C340053300C /* AudioToolbox.framework in Frameworks */,
				0A2F59BA1C4F3BAA0053300C /* Parse.framework in Frameworks */,
				0A2F59B81C4F3BA10053300C /* Bolts.framework in Frameworks */,
			);
			runOnlyForDeploymentPostprocessing = 0;
		};
		4B22860C1C4AE4E800CE4146 /* Frameworks */ = {
			isa = PBXFrameworksBuildPhase;
			buildActionMask = 2147483647;
			files = (
			);
			runOnlyForDeploymentPostprocessing = 0;
		};
/* End PBXFrameworksBuildPhase section */

/* Begin PBXGroup section */
		0A2F59B61C4F3AEF0053300C /* Frameworks */ = {
			isa = PBXGroup;
			children = (
				C54399191C5AF5900049D903 /* AVFoundation.framework */,
				C5C1D77B1C50B45C00C20DF9 /* LLSimpleCamera */,
				0A2F59CD1C4F3C8C0053300C /* libsqlite3.tbd */,
				0A2F59CB1C4F3C7F0053300C /* libz.tbd */,
				0A2F59C91C4F3C720053300C /* SystemConfiguration.framework */,
				0A2F59C51C4F3C610053300C /* Security.framework */,
				0A2F59C31C4F3C590053300C /* QuartzCore.framework */,
				0A2F59C11C4F3C4E0053300C /* CoreLocation.framework */,
				0A2F59BF1C4F3C440053300C /* CoreGraphics.framework */,
				0A2F59BD1C4F3C3A0053300C /* CFNetwork.framework */,
				0A2F59BB1C4F3C340053300C /* AudioToolbox.framework */,
				0A2F59B91C4F3BAA0053300C /* Parse.framework */,
				0A2F59B71C4F3BA10053300C /* Bolts.framework */,
			);
			name = Frameworks;
			sourceTree = "<group>";
		};
		0A2F59D21C4F3ED80053300C /* View Controllers */ = {
			isa = PBXGroup;
			children = (
				4B2285FD1C4AE4E800CE4146 /* SPLoginViewController.swift */,
				C57DB7641C4F49C600022D3A /* SPCreateAccountViewController.swift */,
				0A32E3161C7ED8F700E333C5 /* SPForgotPasswordViewController.swift */,
				C57DB7661C4F4A2800022D3A /* SPCaptureViewController.swift */,
				C5C1D77C1C52E06000C20DF9 /* SPMediaViewController.swift */,
				C5C1D77E1C52E50900C20DF9 /* SPTagStudentViewController.swift */,
				C5C1D7801C52EA9700C20DF9 /* SPTagCategoryViewController.swift */,
				C543990E1C5879C60049D903 /* SPStudentProfileViewController.swift */,
				D4BD3B981C5395DA003BBFC8 /* SPArchiveViewController.swift */,
				D4BD3BA11C589E13003BBFC8 /* SPStudentViewController.swift */,
				C54399171C5A135B0049D903 /* SPSettingsViewController.swift */,
				C50BFB1B1C5F1D4B00AB490C /* SPManageStudentsViewController.swift */,
				8664E7AB1C6984BA003FF49A /* SPMomentViewController.swift */,
				4B2C5F0F1C7A5DB400B097AE /* AKPickerView.swift */,
			);
			name = "View Controllers";
			sourceTree = "<group>";
		};
		0A2F59D31C4F3EEF0053300C /* Supporting Files */ = {
			isa = PBXGroup;
			children = (
				4B2286021C4AE4E800CE4146 /* Spark1_0.xcdatamodeld */,
				4B2286051C4AE4E800CE4146 /* Assets.xcassets */,
				4B2286071C4AE4E800CE4146 /* LaunchScreen.storyboard */,
				4B22860A1C4AE4E800CE4146 /* Info.plist */,
			);
			name = "Supporting Files";
			sourceTree = "<group>";
		};
		0A2F59D41C4F3F080053300C /* Core */ = {
			isa = PBXGroup;
			children = (
				4B2285FB1C4AE4E800CE4146 /* AppDelegate.swift */,
				4B2285FF1C4AE4E800CE4146 /* Main.storyboard */,
			);
			name = Core;
			sourceTree = "<group>";
		};
		0A40F5751C5D5ECC000485B5 /* Models */ = {
			isa = PBXGroup;
			children = (
				C562F8971C76DB2C000964C8 /* Extensions.swift */,
				0A40F5731C5D5EC6000485B5 /* User.swift */,
				0A40F5771C5D7964000485B5 /* Class.swift */,
				0A40F57A1C5D7984000485B5 /* Student.swift */,
				0A40F57C1C5D799E000485B5 /* Moment.swift */,
			);
			name = Models;
			sourceTree = "<group>";
		};
		4B2285EF1C4AE4E800CE4146 = {
			isa = PBXGroup;
			children = (
				0A2F59B61C4F3AEF0053300C /* Frameworks */,
				4B2285FA1C4AE4E800CE4146 /* Spark1.0 */,
				4B2286121C4AE4E800CE4146 /* Spark1.0Tests */,
				4B2285F91C4AE4E800CE4146 /* Products */,
			);
			sourceTree = "<group>";
		};
		4B2285F91C4AE4E800CE4146 /* Products */ = {
			isa = PBXGroup;
			children = (
				4B2285F81C4AE4E800CE4146 /* Spark1.0.app */,
				4B22860F1C4AE4E800CE4146 /* Spark1.0Tests.xctest */,
			);
			name = Products;
			sourceTree = "<group>";
		};
		4B2285FA1C4AE4E800CE4146 /* Spark1.0 */ = {
			isa = PBXGroup;
			children = (
				C5C1D7741C50B44300C20DF9 /* Spark1.0-Bridging-Header.h */,
				0A2F59D41C4F3F080053300C /* Core */,
				C54399161C5A0D0E0049D903 /* Cells */,
				0A2F59D21C4F3ED80053300C /* View Controllers */,
				0A2F59D31C4F3EEF0053300C /* Supporting Files */,
				0A40F5751C5D5ECC000485B5 /* Models */,
			);
			path = Spark1.0;
			sourceTree = "<group>";
		};
		4B2286121C4AE4E800CE4146 /* Spark1.0Tests */ = {
			isa = PBXGroup;
			children = (
				4B2286131C4AE4E800CE4146 /* Spark1_0Tests.swift */,
				4B2286151C4AE4E800CE4146 /* Info.plist */,
			);
			path = Spark1.0Tests;
			sourceTree = "<group>";
		};
		C54399161C5A0D0E0049D903 /* Cells */ = {
			isa = PBXGroup;
			children = (
				4B693A3C1C588FC6005478D9 /* CategoryCollectionViewCell.xib */,
				4B8B72701C5895DF00E6E73B /* CategoryCollectionViewCell.swift */,
				4B693A381C588693005478D9 /* StudentCollectionViewCell.xib */,
				4B693A3A1C58872B005478D9 /* StudentCollectionViewCell.swift */,
				D4BD3BA01C589E13003BBFC8 /* MomentTableViewCell.swift */,
				D4BD3BA41C589F7F003BBFC8 /* MomentTableViewCell.xib */,
				C54399121C58840A0049D903 /* TextInputTableViewCell.xib */,
				C54399141C5888A10049D903 /* TextInputTableViewCell.swift */,
				4B2A21BC1C62D47E00F11D71 /* CategoriesTableViewCell.xib */,
				4B2A21BF1C62D4DE00F11D71 /* CategoriesTableViewCell.swift */,
				C50BFB161C5EE6FB00AB490C /* ButtonTableViewCell.xib */,
				C50BFB191C5EE7A600AB490C /* ButtonTableViewCell.swift */,
				8664E7AD1C69876E003FF49A /* MomentDetailTableViewCell.xib */,
				8664E7AF1C698964003FF49A /* MomentDetailTableViewCell.swift */,
			);
			name = Cells;
			sourceTree = "<group>";
		};
		C5C1D77B1C50B45C00C20DF9 /* LLSimpleCamera */ = {
			isa = PBXGroup;
			children = (
				C5C1D7751C50B44400C20DF9 /* LLSimpleCamera.h */,
				C5C1D7761C50B44400C20DF9 /* LLSimpleCamera.m */,
				C5C1D7771C50B44400C20DF9 /* UIImage+FixOrientation.h */,
				C5C1D7781C50B44400C20DF9 /* UIImage+FixOrientation.m */,
			);
			name = LLSimpleCamera;
			sourceTree = "<group>";
		};
/* End PBXGroup section */

/* Begin PBXNativeTarget section */
		4B2285F71C4AE4E800CE4146 /* Spark1.0 */ = {
			isa = PBXNativeTarget;
			buildConfigurationList = 4B2286181C4AE4E800CE4146 /* Build configuration list for PBXNativeTarget "Spark1.0" */;
			buildPhases = (
				4B2285F41C4AE4E800CE4146 /* Sources */,
				4B2285F51C4AE4E800CE4146 /* Frameworks */,
				4B2285F61C4AE4E800CE4146 /* Resources */,
				C54399231C5D68EC0049D903 /* Embed Frameworks */,
			);
			buildRules = (
			);
			dependencies = (
			);
			name = Spark1.0;
			productName = Spark1.0;
			productReference = 4B2285F81C4AE4E800CE4146 /* Spark1.0.app */;
			productType = "com.apple.product-type.application";
		};
		4B22860E1C4AE4E800CE4146 /* Spark1.0Tests */ = {
			isa = PBXNativeTarget;
			buildConfigurationList = 4B22861B1C4AE4E800CE4146 /* Build configuration list for PBXNativeTarget "Spark1.0Tests" */;
			buildPhases = (
				4B22860B1C4AE4E800CE4146 /* Sources */,
				4B22860C1C4AE4E800CE4146 /* Frameworks */,
				4B22860D1C4AE4E800CE4146 /* Resources */,
			);
			buildRules = (
			);
			dependencies = (
				4B2286111C4AE4E800CE4146 /* PBXTargetDependency */,
			);
			name = Spark1.0Tests;
			productName = Spark1.0Tests;
			productReference = 4B22860F1C4AE4E800CE4146 /* Spark1.0Tests.xctest */;
			productType = "com.apple.product-type.bundle.unit-test";
		};
/* End PBXNativeTarget section */

/* Begin PBXProject section */
		4B2285F01C4AE4E800CE4146 /* Project object */ = {
			isa = PBXProject;
			attributes = {
				LastSwiftUpdateCheck = 0720;
				LastUpgradeCheck = 0720;
				ORGANIZATIONNAME = "Bronson Duran";
				TargetAttributes = {
					4B2285F71C4AE4E800CE4146 = {
						CreatedOnToolsVersion = 7.2;
						DevelopmentTeam = CM9VN8C6NY;
						SystemCapabilities = {
							com.apple.DataProtection = {
								enabled = 0;
							};
							com.apple.InAppPurchase = {
								enabled = 0;
							};
						};
					};
					4B22860E1C4AE4E800CE4146 = {
						CreatedOnToolsVersion = 7.2;
						TestTargetID = 4B2285F71C4AE4E800CE4146;
					};
				};
			};
			buildConfigurationList = 4B2285F31C4AE4E800CE4146 /* Build configuration list for PBXProject "Spark1.0" */;
			compatibilityVersion = "Xcode 3.2";
			developmentRegion = English;
			hasScannedForEncodings = 0;
			knownRegions = (
				en,
				Base,
			);
			mainGroup = 4B2285EF1C4AE4E800CE4146;
			productRefGroup = 4B2285F91C4AE4E800CE4146 /* Products */;
			projectDirPath = "";
			projectRoot = "";
			targets = (
				4B2285F71C4AE4E800CE4146 /* Spark1.0 */,
				4B22860E1C4AE4E800CE4146 /* Spark1.0Tests */,
			);
		};
/* End PBXProject section */

/* Begin PBXResourcesBuildPhase section */
		4B2285F61C4AE4E800CE4146 /* Resources */ = {
			isa = PBXResourcesBuildPhase;
			buildActionMask = 2147483647;
			files = (
				4B693A3D1C588FC7005478D9 /* CategoryCollectionViewCell.xib in Resources */,
				4B693A391C588693005478D9 /* StudentCollectionViewCell.xib in Resources */,
				4B2286091C4AE4E800CE4146 /* LaunchScreen.storyboard in Resources */,
				4B2286061C4AE4E800CE4146 /* Assets.xcassets in Resources */,
				4B2286011C4AE4E800CE4146 /* Main.storyboard in Resources */,
				4B2A21BD1C62D47E00F11D71 /* CategoriesTableViewCell.xib in Resources */,
				C54399131C58840A0049D903 /* TextInputTableViewCell.xib in Resources */,
				8664E7AE1C69876E003FF49A /* MomentDetailTableViewCell.xib in Resources */,
				C50BFB171C5EE6FB00AB490C /* ButtonTableViewCell.xib in Resources */,
				D4BD3BA51C589F7F003BBFC8 /* MomentTableViewCell.xib in Resources */,
			);
			runOnlyForDeploymentPostprocessing = 0;
		};
		4B22860D1C4AE4E800CE4146 /* Resources */ = {
			isa = PBXResourcesBuildPhase;
			buildActionMask = 2147483647;
			files = (
			);
			runOnlyForDeploymentPostprocessing = 0;
		};
/* End PBXResourcesBuildPhase section */

/* Begin PBXSourcesBuildPhase section */
		4B2285F41C4AE4E800CE4146 /* Sources */ = {
			isa = PBXSourcesBuildPhase;
			buildActionMask = 2147483647;
			files = (
				C5C1D77D1C52E06000C20DF9 /* SPMediaViewController.swift in Sources */,
				4B2A21C01C62D4DE00F11D71 /* CategoriesTableViewCell.swift in Sources */,
				D4BD3BA31C589E13003BBFC8 /* SPStudentViewController.swift in Sources */,
				8664E7B01C698964003FF49A /* MomentDetailTableViewCell.swift in Sources */,
				4B8B72711C5895DF00E6E73B /* CategoryCollectionViewCell.swift in Sources */,
				C5C1D7791C50B44400C20DF9 /* LLSimpleCamera.m in Sources */,
				4B2C5F101C7A5DB400B097AE /* AKPickerView.swift in Sources */,
				C5C1D7811C52EA9700C20DF9 /* SPTagCategoryViewController.swift in Sources */,
				C543990F1C5879C60049D903 /* SPStudentProfileViewController.swift in Sources */,
				C50BFB1C1C5F1D4B00AB490C /* SPManageStudentsViewController.swift in Sources */,
				C57DB7671C4F4A2800022D3A /* SPCaptureViewController.swift in Sources */,
				4B693A3B1C58872B005478D9 /* StudentCollectionViewCell.swift in Sources */,
				4B2285FE1C4AE4E800CE4146 /* SPLoginViewController.swift in Sources */,
				C5C1D77F1C52E50900C20DF9 /* SPTagStudentViewController.swift in Sources */,
				C54399181C5A135B0049D903 /* SPSettingsViewController.swift in Sources */,
				C54399151C5888A10049D903 /* TextInputTableViewCell.swift in Sources */,
				C562F8981C76DB2C000964C8 /* Extensions.swift in Sources */,
				C5C1D77A1C50B44400C20DF9 /* UIImage+FixOrientation.m in Sources */,
				0A40F57B1C5D7984000485B5 /* Student.swift in Sources */,
				C57DB7651C4F49C600022D3A /* SPCreateAccountViewController.swift in Sources */,
				D4BD3B991C5395DA003BBFC8 /* SPArchiveViewController.swift in Sources */,
				0A32E3171C7ED8F700E333C5 /* SPForgotPasswordViewController.swift in Sources */,
				0A40F57D1C5D799E000485B5 /* Moment.swift in Sources */,
				0A40F5781C5D7964000485B5 /* Class.swift in Sources */,
				8664E7AC1C6984BA003FF49A /* SPMomentViewController.swift in Sources */,
				4B2286041C4AE4E800CE4146 /* Spark1_0.xcdatamodeld in Sources */,
				4B2285FC1C4AE4E800CE4146 /* AppDelegate.swift in Sources */,
				C50BFB1A1C5EE7A600AB490C /* ButtonTableViewCell.swift in Sources */,
				D4BD3BA21C589E13003BBFC8 /* MomentTableViewCell.swift in Sources */,
				0A40F5741C5D5EC6000485B5 /* User.swift in Sources */,
			);
			runOnlyForDeploymentPostprocessing = 0;
		};
		4B22860B1C4AE4E800CE4146 /* Sources */ = {
			isa = PBXSourcesBuildPhase;
			buildActionMask = 2147483647;
			files = (
				4B2286141C4AE4E800CE4146 /* Spark1_0Tests.swift in Sources */,
			);
			runOnlyForDeploymentPostprocessing = 0;
		};
/* End PBXSourcesBuildPhase section */

/* Begin PBXTargetDependency section */
		4B2286111C4AE4E800CE4146 /* PBXTargetDependency */ = {
			isa = PBXTargetDependency;
			target = 4B2285F71C4AE4E800CE4146 /* Spark1.0 */;
			targetProxy = 4B2286101C4AE4E800CE4146 /* PBXContainerItemProxy */;
		};
/* End PBXTargetDependency section */

/* Begin PBXVariantGroup section */
		4B2285FF1C4AE4E800CE4146 /* Main.storyboard */ = {
			isa = PBXVariantGroup;
			children = (
				4B2286001C4AE4E800CE4146 /* Base */,
			);
			name = Main.storyboard;
			sourceTree = "<group>";
		};
		4B2286071C4AE4E800CE4146 /* LaunchScreen.storyboard */ = {
			isa = PBXVariantGroup;
			children = (
				4B2286081C4AE4E800CE4146 /* Base */,
			);
			name = LaunchScreen.storyboard;
			sourceTree = "<group>";
		};
/* End PBXVariantGroup section */

/* Begin XCBuildConfiguration section */
		4B2286161C4AE4E800CE4146 /* Debug */ = {
			isa = XCBuildConfiguration;
			buildSettings = {
				ALWAYS_SEARCH_USER_PATHS = NO;
				CLANG_CXX_LANGUAGE_STANDARD = "gnu++0x";
				CLANG_CXX_LIBRARY = "libc++";
				CLANG_ENABLE_MODULES = YES;
				CLANG_ENABLE_OBJC_ARC = YES;
				CLANG_WARN_BOOL_CONVERSION = YES;
				CLANG_WARN_CONSTANT_CONVERSION = YES;
				CLANG_WARN_DIRECT_OBJC_ISA_USAGE = YES_ERROR;
				CLANG_WARN_EMPTY_BODY = YES;
				CLANG_WARN_ENUM_CONVERSION = YES;
				CLANG_WARN_INT_CONVERSION = YES;
				CLANG_WARN_OBJC_ROOT_CLASS = YES_ERROR;
				CLANG_WARN_UNREACHABLE_CODE = YES;
				CLANG_WARN__DUPLICATE_METHOD_MATCH = YES;
				"CODE_SIGN_IDENTITY[sdk=iphoneos*]" = "iPhone Developer";
				COPY_PHASE_STRIP = NO;
				DEBUG_INFORMATION_FORMAT = dwarf;
				ENABLE_STRICT_OBJC_MSGSEND = YES;
				ENABLE_TESTABILITY = YES;
				GCC_C_LANGUAGE_STANDARD = gnu99;
				GCC_DYNAMIC_NO_PIC = NO;
				GCC_NO_COMMON_BLOCKS = YES;
				GCC_OPTIMIZATION_LEVEL = 0;
				GCC_PREPROCESSOR_DEFINITIONS = (
					"DEBUG=1",
					"$(inherited)",
				);
				GCC_WARN_64_TO_32_BIT_CONVERSION = YES;
				GCC_WARN_ABOUT_RETURN_TYPE = YES_ERROR;
				GCC_WARN_UNDECLARED_SELECTOR = YES;
				GCC_WARN_UNINITIALIZED_AUTOS = YES_AGGRESSIVE;
				GCC_WARN_UNUSED_FUNCTION = YES;
				GCC_WARN_UNUSED_VARIABLE = YES;
				IPHONEOS_DEPLOYMENT_TARGET = 9.2;
				MTL_ENABLE_DEBUG_INFO = YES;
				ONLY_ACTIVE_ARCH = YES;
				SDKROOT = iphoneos;
				SWIFT_OPTIMIZATION_LEVEL = "-Onone";
				TARGETED_DEVICE_FAMILY = "1,2";
			};
			name = Debug;
		};
		4B2286171C4AE4E800CE4146 /* Release */ = {
			isa = XCBuildConfiguration;
			buildSettings = {
				ALWAYS_SEARCH_USER_PATHS = NO;
				CLANG_CXX_LANGUAGE_STANDARD = "gnu++0x";
				CLANG_CXX_LIBRARY = "libc++";
				CLANG_ENABLE_MODULES = YES;
				CLANG_ENABLE_OBJC_ARC = YES;
				CLANG_WARN_BOOL_CONVERSION = YES;
				CLANG_WARN_CONSTANT_CONVERSION = YES;
				CLANG_WARN_DIRECT_OBJC_ISA_USAGE = YES_ERROR;
				CLANG_WARN_EMPTY_BODY = YES;
				CLANG_WARN_ENUM_CONVERSION = YES;
				CLANG_WARN_INT_CONVERSION = YES;
				CLANG_WARN_OBJC_ROOT_CLASS = YES_ERROR;
				CLANG_WARN_UNREACHABLE_CODE = YES;
				CLANG_WARN__DUPLICATE_METHOD_MATCH = YES;
				"CODE_SIGN_IDENTITY[sdk=iphoneos*]" = "iPhone Developer";
				COPY_PHASE_STRIP = NO;
				DEBUG_INFORMATION_FORMAT = "dwarf-with-dsym";
				ENABLE_NS_ASSERTIONS = NO;
				ENABLE_STRICT_OBJC_MSGSEND = YES;
				GCC_C_LANGUAGE_STANDARD = gnu99;
				GCC_NO_COMMON_BLOCKS = YES;
				GCC_WARN_64_TO_32_BIT_CONVERSION = YES;
				GCC_WARN_ABOUT_RETURN_TYPE = YES_ERROR;
				GCC_WARN_UNDECLARED_SELECTOR = YES;
				GCC_WARN_UNINITIALIZED_AUTOS = YES_AGGRESSIVE;
				GCC_WARN_UNUSED_FUNCTION = YES;
				GCC_WARN_UNUSED_VARIABLE = YES;
				IPHONEOS_DEPLOYMENT_TARGET = 9.2;
				MTL_ENABLE_DEBUG_INFO = NO;
				SDKROOT = iphoneos;
				TARGETED_DEVICE_FAMILY = "1,2";
				VALIDATE_PRODUCT = YES;
			};
			name = Release;
		};
		4B2286191C4AE4E800CE4146 /* Debug */ = {
			isa = XCBuildConfiguration;
			buildSettings = {
				ASSETCATALOG_COMPILER_APPICON_NAME = AppIcon;
				CLANG_ENABLE_MODULES = YES;
				CODE_SIGN_IDENTITY = "iPhone Developer";
				"CODE_SIGN_IDENTITY[sdk=iphoneos*]" = "iPhone Developer";
				EMBEDDED_CONTENT_CONTAINS_SWIFT = YES;
				FRAMEWORK_SEARCH_PATHS = (
					"$(inherited)",
					"$(PROJECT_DIR)",
				);
				INFOPLIST_FILE = Spark1.0/Info.plist;
				LD_RUNPATH_SEARCH_PATHS = "$(inherited) @executable_path/Frameworks";
				PRODUCT_BUNDLE_IDENTIFIER = com.teamspark.spark1;
				PRODUCT_NAME = "$(TARGET_NAME)";
				PROVISIONING_PROFILE = "";
				SWIFT_OBJC_BRIDGING_HEADER = "Spark1.0-Bridging-Header.h";
				SWIFT_OPTIMIZATION_LEVEL = "-Onone";
			};
			name = Debug;
		};
		4B22861A1C4AE4E800CE4146 /* Release */ = {
			isa = XCBuildConfiguration;
			buildSettings = {
				ASSETCATALOG_COMPILER_APPICON_NAME = AppIcon;
				CLANG_ENABLE_MODULES = YES;
				CODE_SIGN_IDENTITY = "iPhone Developer";
				"CODE_SIGN_IDENTITY[sdk=iphoneos*]" = "iPhone Developer";
				EMBEDDED_CONTENT_CONTAINS_SWIFT = YES;
				FRAMEWORK_SEARCH_PATHS = (
					"$(inherited)",
					"$(PROJECT_DIR)",
				);
				INFOPLIST_FILE = Spark1.0/Info.plist;
				LD_RUNPATH_SEARCH_PATHS = "$(inherited) @executable_path/Frameworks";
				PRODUCT_BUNDLE_IDENTIFIER = com.teamspark.spark1;
				PRODUCT_NAME = "$(TARGET_NAME)";
				PROVISIONING_PROFILE = "";
				SWIFT_OBJC_BRIDGING_HEADER = "Spark1.0-Bridging-Header.h";
				SWIFT_OPTIMIZATION_LEVEL = "-Onone";
			};
			name = Release;
		};
		4B22861C1C4AE4E800CE4146 /* Debug */ = {
			isa = XCBuildConfiguration;
			buildSettings = {
				BUNDLE_LOADER = "$(TEST_HOST)";
				INFOPLIST_FILE = Spark1.0Tests/Info.plist;
				LD_RUNPATH_SEARCH_PATHS = "$(inherited) @executable_path/Frameworks @loader_path/Frameworks";
				PRODUCT_BUNDLE_IDENTIFIER = "com.example.Spark1-0Tests";
				PRODUCT_NAME = "$(TARGET_NAME)";
				TEST_HOST = "$(BUILT_PRODUCTS_DIR)/Spark1.0.app/Spark1.0";
			};
			name = Debug;
		};
		4B22861D1C4AE4E800CE4146 /* Release */ = {
			isa = XCBuildConfiguration;
			buildSettings = {
				BUNDLE_LOADER = "$(TEST_HOST)";
				INFOPLIST_FILE = Spark1.0Tests/Info.plist;
				LD_RUNPATH_SEARCH_PATHS = "$(inherited) @executable_path/Frameworks @loader_path/Frameworks";
				PRODUCT_BUNDLE_IDENTIFIER = "com.example.Spark1-0Tests";
				PRODUCT_NAME = "$(TARGET_NAME)";
				TEST_HOST = "$(BUILT_PRODUCTS_DIR)/Spark1.0.app/Spark1.0";
			};
			name = Release;
		};
/* End XCBuildConfiguration section */

/* Begin XCConfigurationList section */
		4B2285F31C4AE4E800CE4146 /* Build configuration list for PBXProject "Spark1.0" */ = {
			isa = XCConfigurationList;
			buildConfigurations = (
				4B2286161C4AE4E800CE4146 /* Debug */,
				4B2286171C4AE4E800CE4146 /* Release */,
			);
			defaultConfigurationIsVisible = 0;
			defaultConfigurationName = Release;
		};
		4B2286181C4AE4E800CE4146 /* Build configuration list for PBXNativeTarget "Spark1.0" */ = {
			isa = XCConfigurationList;
			buildConfigurations = (
				4B2286191C4AE4E800CE4146 /* Debug */,
				4B22861A1C4AE4E800CE4146 /* Release */,
			);
			defaultConfigurationIsVisible = 0;
			defaultConfigurationName = Release;
		};
		4B22861B1C4AE4E800CE4146 /* Build configuration list for PBXNativeTarget "Spark1.0Tests" */ = {
			isa = XCConfigurationList;
			buildConfigurations = (
				4B22861C1C4AE4E800CE4146 /* Debug */,
				4B22861D1C4AE4E800CE4146 /* Release */,
			);
			defaultConfigurationIsVisible = 0;
			defaultConfigurationName = Release;
		};
/* End XCConfigurationList section */

/* Begin XCVersionGroup section */
		4B2286021C4AE4E800CE4146 /* Spark1_0.xcdatamodeld */ = {
			isa = XCVersionGroup;
			children = (
				4B2286031C4AE4E800CE4146 /* Spark1_0.xcdatamodel */,
			);
			currentVersion = 4B2286031C4AE4E800CE4146 /* Spark1_0.xcdatamodel */;
			path = Spark1_0.xcdatamodeld;
			sourceTree = "<group>";
			versionGroupType = wrapper.xcdatamodel;
		};
/* End XCVersionGroup section */
	};
	rootObject = 4B2285F01C4AE4E800CE4146 /* Project object */;
}
